
Microsoft Visual Studio Solution File, Format Version 12.00
# Visual Studio 14
VisualStudioVersion = 14.0.25123.0
MinimumVisualStudioVersion = 10.0.40219.1
Project("{FAE04EC0-301F-11D3-BF4B-00C04F79EFBC}") = "BruteForcer", "BruteForcer\BruteForcer.csproj", "{C9A51CE2-F326-48CF-A85A-BB9381F6F03D}"
EndProject
Project("{FAE04EC0-301F-11D3-BF4B-00C04F79EFBC}") = "UnitTestProjectForBruteForcer", "UnitTestProjectForBruteForcer\UnitTestProjectForBruteForcer.csproj", "{172D20A3-E6E8-41D1-8A9A-59E5CB1839BE}"
EndProject
Global
	GlobalSection(SolutionConfigurationPlatforms) = preSolution
		Debug|Any CPU = Debug|Any CPU
		Release|Any CPU = Release|Any CPU
	EndGlobalSection
	GlobalSection(ProjectConfigurationPlatforms) = postSolution
		{C9A51CE2-F326-48CF-A85A-BB9381F6F03D}.Debug|Any CPU.ActiveCfg = Debug|Any CPU
		{C9A51CE2-F326-48CF-A85A-BB9381F6F03D}.Debug|Any CPU.Build.0 = Debug|Any CPU
		{C9A51CE2-F326-48CF-A85A-BB9381F6F03D}.Release|Any CPU.ActiveCfg = Release|Any CPU
		{C9A51CE2-F326-48CF-A85A-BB9381F6F03D}.Release|Any CPU.Build.0 = Release|Any CPU
		{172D20A3-E6E8-41D1-8A9A-59E5CB1839BE}.Debug|Any CPU.ActiveCfg = Debug|Any CPU
		{172D20A3-E6E8-41D1-8A9A-59E5CB1839BE}.Debug|Any CPU.Build.0 = Debug|Any CPU
		{172D20A3-E6E8-41D1-8A9A-59E5CB1839BE}.Release|Any CPU.ActiveCfg = Release|Any CPU
		{172D20A3-E6E8-41D1-8A9A-59E5CB1839BE}.Release|Any CPU.Build.0 = Release|Any CPU
	EndGlobalSection
	GlobalSection(SolutionProperties) = preSolution
		HideSolutionNode = FALSE
	EndGlobalSection
EndGlobal
